
Microsoft Visual Studio Solution File, Format Version 12.00
# Visual Studio Version 16
VisualStudioVersion = 16.0.30907.101
MinimumVisualStudioVersion = 10.0.40219.1
Project("{FAE04EC0-301F-11D3-BF4B-00C04F79EFBC}") = "RazorPages TestProject HelemaalOpnieuwMaken", "RazorPages TestProject HelemaalOpnieuwMaken\RazorPages TestProject HelemaalOpnieuwMaken.csproj", "{84F2A5C0-351F-494A-BCB1-B2CA8E7E4AA0}"
EndProject
Global
	GlobalSection(SolutionConfigurationPlatforms) = preSolution
		Debug|Any CPU = Debug|Any CPU
		Release|Any CPU = Release|Any CPU
	EndGlobalSection
	GlobalSection(ProjectConfigurationPlatforms) = postSolution
		{84F2A5C0-351F-494A-BCB1-B2CA8E7E4AA0}.Debug|Any CPU.ActiveCfg = Debug|Any CPU
		{84F2A5C0-351F-494A-BCB1-B2CA8E7E4AA0}.Debug|Any CPU.Build.0 = Debug|Any CPU
		{84F2A5C0-351F-494A-BCB1-B2CA8E7E4AA0}.Release|Any CPU.ActiveCfg = Release|Any CPU
		{84F2A5C0-351F-494A-BCB1-B2CA8E7E4AA0}.Release|Any CPU.Build.0 = Release|Any CPU
	EndGlobalSection
	GlobalSection(SolutionProperties) = preSolution
		HideSolutionNode = FALSE
	EndGlobalSection
	GlobalSection(ExtensibilityGlobals) = postSolution
		SolutionGuid = {F1825EFA-5B20-4540-AA14-2299EB8B4064}
	EndGlobalSection
EndGlobal
